{
  "name": "back-utils",
  "version": "0.0.1",
  "lockfileVersion": 2,
  "requires": true,
  "packages": {
    "": {
      "name": "back-utils",
      "version": "0.0.1",
      "license": "ISC",
      "dependencies": {
        "@firebase/firestore-types": "^2.5.1",
        "axios": "^0.24.0",
        "common-utils": "https://github.com/pixelpylon/common-utils/tarball/7c1def8",
        "lodash": "^4.17.21"
      },
      "engines": {
        "node": ">=12"
      }
    },
    "node_modules/@firebase/app-types": {
      "version": "0.8.1",
      "resolved": "https://registry.npmjs.org/@firebase/app-types/-/app-types-0.8.1.tgz",
      "integrity": "sha512-p75Ow3QhB82kpMzmOntv866wH9eZ3b4+QbUY+8/DA5Zzdf1c8Nsk8B7kbFpzJt4wwHMdy5LTF5YUnoTc1JiWkw==",
      "peer": true
    },
    "node_modules/@firebase/firestore-types": {
      "version": "2.5.1",
      "resolved": "https://registry.npmjs.org/@firebase/firestore-types/-/firestore-types-2.5.1.tgz",
      "integrity": "sha512-xG0CA6EMfYo8YeUxC8FeDzf6W3FX1cLlcAGBYV6Cku12sZRI81oWcu61RSKM66K6kUENP+78Qm8mvroBcm1whw==",
      "peerDependencies": {
        "@firebase/app-types": "0.x",
        "@firebase/util": "1.x"
      }
    },
    "node_modules/@firebase/util": {
      "version": "1.7.3",
      "resolved": "https://registry.npmjs.org/@firebase/util/-/util-1.7.3.tgz",
      "integrity": "sha512-wxNqWbqokF551WrJ9BIFouU/V5SL1oYCGx1oudcirdhadnQRFH5v1sjgGL7cUV/UsekSycygphdrF2lxBxOYKg==",
      "peer": true,
      "dependencies": {
        "tslib": "^2.1.0"
      }
    },
    "node_modules/axios": {
      "version": "0.24.0",
      "resolved": "https://registry.npmjs.org/axios/-/axios-0.24.0.tgz",
      "integrity": "sha512-Q6cWsys88HoPgAaFAVUb0WpPk0O8iTeisR9IMqy9G8AbO4NlpVknrnQS03zzF9PGAWgO3cgletO3VjV/P7VztA==",
      "dependencies": {
        "follow-redirects": "^1.14.4"
      }
    },
    "node_modules/common-utils": {
      "version": "0.0.57",
      "resolved": "https://github.com/pixelpylon/common-utils/tarball/7c1def8",
      "integrity": "sha512-I7trOOO0Ilsg9t2soUJLSK49U89FuQKKjUNQTIcsb34NCftJ0lKDt0nBM++f7gCwik1Cu6ECT8o73JQkW7xU+g==",
      "license": "ISC",
      "dependencies": {
        "lodash": "^4.17.21",
        "moment": "^2.29.1",
        "parse-duration": "^1.0.2"
      },
      "engines": {
        "node": ">=12"
      }
    },
    "node_modules/follow-redirects": {
      "version": "1.15.2",
      "resolved": "https://registry.npmjs.org/follow-redirects/-/follow-redirects-1.15.2.tgz",
      "integrity": "sha512-VQLG33o04KaQ8uYi2tVNbdrWp1QWxNNea+nmIB4EVM28v0hmP17z7aG1+wAkNzVq4KeXTq3221ye5qTJP91JwA==",
      "funding": [
        {
          "type": "individual",
          "url": "https://github.com/sponsors/RubenVerborgh"
        }
      ],
      "engines": {
        "node": ">=4.0"
      },
      "peerDependenciesMeta": {
        "debug": {
          "optional": true
        }
      }
    },
    "node_modules/lodash": {
      "version": "4.17.21",
      "resolved": "https://registry.npmjs.org/lodash/-/lodash-4.17.21.tgz",
      "integrity": "sha512-v2kDEe57lecTulaDIuNTPy3Ry4gLGJ6Z1O3vE1krgXZNrsQ+LFTGHVxVjcXPs17LhbZVGedAJv8XZ1tvj5FvSg=="
    },
    "node_modules/moment": {
      "version": "2.29.4",
      "resolved": "https://registry.npmjs.org/moment/-/moment-2.29.4.tgz",
      "integrity": "sha512-5LC9SOxjSc2HF6vO2CyuTDNivEdoz2IvyJJGj6X8DJ0eFyfszE0QiEd+iXmBvUP3WHxSjFH/vIsA0EN00cgr8w==",
      "engines": {
        "node": "*"
      }
    },
    "node_modules/parse-duration": {
      "version": "1.0.2",
      "resolved": "https://registry.npmjs.org/parse-duration/-/parse-duration-1.0.2.tgz",
      "integrity": "sha512-Dg27N6mfok+ow1a2rj/nRjtCfaKrHUZV2SJpEn/s8GaVUSlf4GGRCRP1c13Hj+wfPKVMrFDqLMLITkYKgKxyyg=="
    },
    "node_modules/tslib": {
      "version": "2.4.1",
      "resolved": "https://registry.npmjs.org/tslib/-/tslib-2.4.1.tgz",
      "integrity": "sha512-tGyy4dAjRIEwI7BzsB0lynWgOpfqjUdq91XXAlIWD2OwKBH7oCl/GZG/HT4BOHrTlPMOASlMQ7veyTqpmRcrNA==",
      "peer": true
    }
  },
  "dependencies": {
    "@firebase/app-types": {
      "version": "0.8.1",
      "resolved": "https://registry.npmjs.org/@firebase/app-types/-/app-types-0.8.1.tgz",
      "integrity": "sha512-p75Ow3QhB82kpMzmOntv866wH9eZ3b4+QbUY+8/DA5Zzdf1c8Nsk8B7kbFpzJt4wwHMdy5LTF5YUnoTc1JiWkw==",
      "peer": true
    },
    "@firebase/firestore-types": {
      "version": "2.5.1",
      "resolved": "https://registry.npmjs.org/@firebase/firestore-types/-/firestore-types-2.5.1.tgz",
      "integrity": "sha512-xG0CA6EMfYo8YeUxC8FeDzf6W3FX1cLlcAGBYV6Cku12sZRI81oWcu61RSKM66K6kUENP+78Qm8mvroBcm1whw==",
      "requires": {}
    },
    "@firebase/util": {
      "version": "1.7.3",
      "resolved": "https://registry.npmjs.org/@firebase/util/-/util-1.7.3.tgz",
      "integrity": "sha512-wxNqWbqokF551WrJ9BIFouU/V5SL1oYCGx1oudcirdhadnQRFH5v1sjgGL7cUV/UsekSycygphdrF2lxBxOYKg==",
      "peer": true,
      "requires": {
        "tslib": "^2.1.0"
      }
    },
    "axios": {
      "version": "0.24.0",
      "resolved": "https://registry.npmjs.org/axios/-/axios-0.24.0.tgz",
      "integrity": "sha512-Q6cWsys88HoPgAaFAVUb0WpPk0O8iTeisR9IMqy9G8AbO4NlpVknrnQS03zzF9PGAWgO3cgletO3VjV/P7VztA==",
      "requires": {
        "follow-redirects": "^1.14.4"
      }
    },
    "common-utils": {
      "version": "https://github.com/pixelpylon/common-utils/tarball/7c1def8",
      "integrity": "sha512-I7trOOO0Ilsg9t2soUJLSK49U89FuQKKjUNQTIcsb34NCftJ0lKDt0nBM++f7gCwik1Cu6ECT8o73JQkW7xU+g==",
      "requires": {
        "lodash": "^4.17.21",
        "moment": "^2.29.1",
        "parse-duration": "^1.0.2"
      }
    },
    "follow-redirects": {
      "version": "1.15.2",
      "resolved": "https://registry.npmjs.org/follow-redirects/-/follow-redirects-1.15.2.tgz",
      "integrity": "sha512-VQLG33o04KaQ8uYi2tVNbdrWp1QWxNNea+nmIB4EVM28v0hmP17z7aG1+wAkNzVq4KeXTq3221ye5qTJP91JwA=="
    },
    "lodash": {
      "version": "4.17.21",
      "resolved": "https://registry.npmjs.org/lodash/-/lodash-4.17.21.tgz",
      "integrity": "sha512-v2kDEe57lecTulaDIuNTPy3Ry4gLGJ6Z1O3vE1krgXZNrsQ+LFTGHVxVjcXPs17LhbZVGedAJv8XZ1tvj5FvSg=="
    },
    "moment": {
      "version": "2.29.4",
      "resolved": "https://registry.npmjs.org/moment/-/moment-2.29.4.tgz",
      "integrity": "sha512-5LC9SOxjSc2HF6vO2CyuTDNivEdoz2IvyJJGj6X8DJ0eFyfszE0QiEd+iXmBvUP3WHxSjFH/vIsA0EN00cgr8w=="
    },
    "parse-duration": {
      "version": "1.0.2",
      "resolved": "https://registry.npmjs.org/parse-duration/-/parse-duration-1.0.2.tgz",
      "integrity": "sha512-Dg27N6mfok+ow1a2rj/nRjtCfaKrHUZV2SJpEn/s8GaVUSlf4GGRCRP1c13Hj+wfPKVMrFDqLMLITkYKgKxyyg=="
    },
    "tslib": {
      "version": "2.4.1",
      "resolved": "https://registry.npmjs.org/tslib/-/tslib-2.4.1.tgz",
      "integrity": "sha512-tGyy4dAjRIEwI7BzsB0lynWgOpfqjUdq91XXAlIWD2OwKBH7oCl/GZG/HT4BOHrTlPMOASlMQ7veyTqpmRcrNA==",
      "peer": true
    }
  }
}
